
Microsoft Visual Studio Solution File, Format Version 12.00
# Visual Studio 2012
Project("{f2a71f9b-5d33-465a-a702-920d77279786}") = "TrainSpotter", "TrainSpotter\TrainSpotter.fsproj", "{7773A7C7-1272-404D-A701-6DCB17265820}"
EndProject
Project("{2150E333-8FDC-42A3-9474-1A3956D46DE8}") = "Solution Items", "Solution Items", "{6B678027-97BD-46DB-9E8C-05A4A7201DC3}"
	ProjectSection(SolutionItems) = preProject
		TrainSpotter\TrainSpotter.fsproj = TrainSpotter\TrainSpotter.fsproj
	EndProjectSection
EndProject
Global
	GlobalSection(SolutionConfigurationPlatforms) = preSolution
		Debug|Any CPU = Debug|Any CPU
		Release|Any CPU = Release|Any CPU
	EndGlobalSection
	GlobalSection(ProjectConfigurationPlatforms) = postSolution
		{7773A7C7-1272-404D-A701-6DCB17265820}.Debug|Any CPU.ActiveCfg = Debug|Any CPU
		{7773A7C7-1272-404D-A701-6DCB17265820}.Debug|Any CPU.Build.0 = Debug|Any CPU
		{7773A7C7-1272-404D-A701-6DCB17265820}.Release|Any CPU.ActiveCfg = Release|Any CPU
		{7773A7C7-1272-404D-A701-6DCB17265820}.Release|Any CPU.Build.0 = Release|Any CPU
	EndGlobalSection
EndGlobal
